# THIS IS AN AUTOGENERATED FILE. DO NOT EDIT THIS FILE DIRECTLY.
# yarn lockfile v1


"@fewlinesco/sparta@latest":
  version "1.1.1-957eb7aa0c2b5a8759db431bc5f56d21a0b6a0b"
  resolved "https://npm.pkg.github.com/download/@fewlinesco/sparta/1.1.1-957eb7aa0c2b5a8759db431bc5f56d21a0b6a0b/96cabf8fad80f78c36f33a59e3511c141abb0d2942d7b6cc094e888883530eed#a430db119f24fe46327f6c5098236da74ef4fd69"
  integrity sha512-4vbqUw5UYOkLq1uOLKIrUhx/LebXdYyu5paupBg1lwaRblQybaaJQb4VM+8eagPsiPlJcGEZxQXe/i86j4zVgQ==
